
Microsoft Visual Studio Solution File, Format Version 12.00
# Visual Studio Version 16
VisualStudioVersion = 16.0.30907.101
MinimumVisualStudioVersion = 10.0.40219.1
Project("{FAE04EC0-301F-11D3-BF4B-00C04F79EFBC}") = "Ecommerce.Ui", "Ecommerce.Ui\Ecommerce.Ui.csproj", "{DB5382E1-449E-4A30-AC5C-2CE7FAF640B4}"
EndProject
Project("{FAE04EC0-301F-11D3-BF4B-00C04F79EFBC}") = "Ecommerce.Domain", "ECommerce.Domain\Ecommerce.Domain.csproj", "{EEE6842C-2A5E-430C-AFD5-CBD7E11C8465}"
EndProject
Project("{FAE04EC0-301F-11D3-BF4B-00C04F79EFBC}") = "Ecommerce.Application", "Ecommerce.Application\Ecommerce.Application.csproj", "{95456497-1D5A-4E9B-B043-791CD95E807D}"
EndProject
Project("{FAE04EC0-301F-11D3-BF4B-00C04F79EFBC}") = "Ecommerce.Database", "Ecommerce.Database\Ecommerce.Database.csproj", "{D43F5C04-66E0-474B-AD8B-B4F4F69AAC8A}"
EndProject
Global
	GlobalSection(SolutionConfigurationPlatforms) = preSolution
		Debug|Any CPU = Debug|Any CPU
		Release|Any CPU = Release|Any CPU
	EndGlobalSection
	GlobalSection(ProjectConfigurationPlatforms) = postSolution
		{DB5382E1-449E-4A30-AC5C-2CE7FAF640B4}.Debug|Any CPU.ActiveCfg = Debug|Any CPU
		{DB5382E1-449E-4A30-AC5C-2CE7FAF640B4}.Debug|Any CPU.Build.0 = Debug|Any CPU
		{DB5382E1-449E-4A30-AC5C-2CE7FAF640B4}.Release|Any CPU.ActiveCfg = Release|Any CPU
		{DB5382E1-449E-4A30-AC5C-2CE7FAF640B4}.Release|Any CPU.Build.0 = Release|Any CPU
		{EEE6842C-2A5E-430C-AFD5-CBD7E11C8465}.Debug|Any CPU.ActiveCfg = Debug|Any CPU
		{EEE6842C-2A5E-430C-AFD5-CBD7E11C8465}.Debug|Any CPU.Build.0 = Debug|Any CPU
		{EEE6842C-2A5E-430C-AFD5-CBD7E11C8465}.Release|Any CPU.ActiveCfg = Release|Any CPU
		{EEE6842C-2A5E-430C-AFD5-CBD7E11C8465}.Release|Any CPU.Build.0 = Release|Any CPU
		{95456497-1D5A-4E9B-B043-791CD95E807D}.Debug|Any CPU.ActiveCfg = Debug|Any CPU
		{95456497-1D5A-4E9B-B043-791CD95E807D}.Debug|Any CPU.Build.0 = Debug|Any CPU
		{95456497-1D5A-4E9B-B043-791CD95E807D}.Release|Any CPU.ActiveCfg = Release|Any CPU
		{95456497-1D5A-4E9B-B043-791CD95E807D}.Release|Any CPU.Build.0 = Release|Any CPU
		{D43F5C04-66E0-474B-AD8B-B4F4F69AAC8A}.Debug|Any CPU.ActiveCfg = Debug|Any CPU
		{D43F5C04-66E0-474B-AD8B-B4F4F69AAC8A}.Debug|Any CPU.Build.0 = Debug|Any CPU
		{D43F5C04-66E0-474B-AD8B-B4F4F69AAC8A}.Release|Any CPU.ActiveCfg = Release|Any CPU
		{D43F5C04-66E0-474B-AD8B-B4F4F69AAC8A}.Release|Any CPU.Build.0 = Release|Any CPU
	EndGlobalSection
	GlobalSection(SolutionProperties) = preSolution
		HideSolutionNode = FALSE
	EndGlobalSection
	GlobalSection(ExtensibilityGlobals) = postSolution
		SolutionGuid = {52163C41-4AA3-44BC-AA50-86499DC4A7DB}
	EndGlobalSection
EndGlobal
